{
  "nodes": {
    "nixpkgs": {
      "locked": {
        "lastModified": 1643543198,
        "narHash": "sha256-QXArR2IZcFhBHU88tlKAO89PwM4IgWYpoZgP86Vq16g=",
        "owner": "NixOS",
        "repo": "nixpkgs",
        "rev": "7c895e75941c9f9950e0367c342e1ffb09f7d8f0",
        "type": "github"
      },
      "original": {
        "owner": "NixOS",
        "ref": "master",
        "repo": "nixpkgs",
        "type": "github"
      }
    },
    "root": {
      "inputs": {
        "nixpkgs": "nixpkgs"
      }
    }
  },
  "root": "root",
  "version": 7
}
