{
  "nodes": {
    "nixpkgs": {
      "locked": {
        "lastModified": 1647454675,
        "narHash": "sha256-XkPOyEk0WHJ2r4dltWotAr3AxsL4bQaoIuh5kGSQoVk=",
        "owner": "NixOS",
        "repo": "nixpkgs",
        "rev": "a868df6b2010c1c2d2e30e7d45123f856f0e8bc3",
        "type": "github"
      },
      "original": {
        "owner": "NixOS",
        "ref": "master",
        "repo": "nixpkgs",
        "type": "github"
      }
    },
    "root": {
      "inputs": {
        "nixpkgs": "nixpkgs"
      }
    }
  },
  "root": "root",
  "version": 7
}
