# This file was autogenerated by Stack.
# You should not edit this file by hand.
# For more information, please see the documentation at:
#   https://docs.haskellstack.org/en/stable/lock_files

packages:
- completed:
    hackage: which-0.2@sha256:db82ca7d83d64cce8ad579756f02d27c5bd289806ee02474726f7fafb87318e8,858
    pantry-tree:
      size: 262
      sha256: bef8458bddea924f3162e51fcef66cb3071f73c31d3dbb6d4029b0115af88a54
  original:
    hackage: which-0.2@sha256:db82ca7d83d64cce8ad579756f02d27c5bd289806ee02474726f7fafb87318e8,858
snapshots:
- completed:
    size: 596812
    url: https://raw.githubusercontent.com/commercialhaskell/stackage-snapshots/master/nightly/2021/11/19.yaml
    sha256: d4ebfabe1a2cc08a1521073ab0c9fd00036350518bfdd148ea7316690f39504d
  original:
    url: https://raw.githubusercontent.com/commercialhaskell/stackage-snapshots/master/nightly/2021/11/19.yaml
