# This file was autogenerated by Stack.
# You should not edit this file by hand.
# For more information, please see the documentation at:
#   https://docs.haskellstack.org/en/stable/lock_files

packages:
- completed:
    hackage: which-0.2@sha256:db82ca7d83d64cce8ad579756f02d27c5bd289806ee02474726f7fafb87318e8,858
    pantry-tree:
      size: 262
      sha256: bef8458bddea924f3162e51fcef66cb3071f73c31d3dbb6d4029b0115af88a54
  original:
    hackage: which-0.2@sha256:db82ca7d83d64cce8ad579756f02d27c5bd289806ee02474726f7fafb87318e8,858
- completed:
    hackage: mr-env-0.1.0.4@sha256:56439c7df09a83b72b170f104723293643ad2635df03cdcd174a05d0d73e788d,1055
    pantry-tree:
      size: 376
      sha256: da91d4e0f5aff5336e3e73ecb1d44fe595dd47bc572335956ba30d937d14573d
  original:
    hackage: mr-env-0.1.0.4@sha256:56439c7df09a83b72b170f104723293643ad2635df03cdcd174a05d0d73e788d,1055
- completed:
    hackage: patience-0.3@sha256:fe3a2c5b1ac4d3425bad3d1ee0b6bb529b6e74ab41151f8526f26fc8dfa1206b,1252
    pantry-tree:
      size: 368
      sha256: d2ca47451a599605c641b7c353588d7e1ba3d6036c8a52040b7d1b5b1af8959b
  original:
    hackage: patience-0.3@sha256:fe3a2c5b1ac4d3425bad3d1ee0b6bb529b6e74ab41151f8526f26fc8dfa1206b,1252
snapshots:
- completed:
    size: 635150
    url: https://raw.githubusercontent.com/commercialhaskell/stackage-snapshots/master/nightly/2022/2/5.yaml
    sha256: 1537414153e2df2b451ace5f89c91fd730f20b6a66e52a726bb629e729d3cb61
  original: nightly-2022-02-05
